// !$*UTF8*$!
{
	archiveVersion = 1;
	classes = {
	};
	objectVersion = 51;
	objects = {

/* Begin PBXBuildFile section */
		4EF061F0A6868BDC517EF15B /* Pods_flix_app.framework in Frameworks */ = {isa = PBXBuildFile; fileRef = 161748EB64937627C4D847E1 /* Pods_flix_app.framework */; };
		87810ED0A8EEDC250487B50F /* Pods_flix_appTests.framework in Frameworks */ = {isa = PBXBuildFile; fileRef = F727F40E3470E6027CC572D9 /* Pods_flix_appTests.framework */; };
		934CC1049F2CE3B346FB6914 /* Pods_flix_app_flix_appUITests.framework in Frameworks */ = {isa = PBXBuildFile; fileRef = A24BAD43DCA8C2BC025F085B /* Pods_flix_app_flix_appUITests.framework */; };
		FEA406CE25E07B1800E7977F /* MovieDetailsViewController.swift in Sources */ = {isa = PBXBuildFile; fileRef = FEA406CD25E07B1800E7977F /* MovieDetailsViewController.swift */; };
		FEA406D325E0881800E7977F /* MovieGridViewController.swift in Sources */ = {isa = PBXBuildFile; fileRef = FEA406D225E0881700E7977F /* MovieGridViewController.swift */; };
		FEA406D825E08ABC00E7977F /* MovieGridCell.swift in Sources */ = {isa = PBXBuildFile; fileRef = FEA406D725E08ABC00E7977F /* MovieGridCell.swift */; };
		FEF4B37825D733790038AA30 /* AppDelegate.swift in Sources */ = {isa = PBXBuildFile; fileRef = FEF4B37725D733790038AA30 /* AppDelegate.swift */; };
		FEF4B37A25D733790038AA30 /* SceneDelegate.swift in Sources */ = {isa = PBXBuildFile; fileRef = FEF4B37925D733790038AA30 /* SceneDelegate.swift */; };
		FEF4B37F25D733790038AA30 /* Main.storyboard in Resources */ = {isa = PBXBuildFile; fileRef = FEF4B37D25D733790038AA30 /* Main.storyboard */; };
		FEF4B38125D7337A0038AA30 /* Assets.xcassets in Resources */ = {isa = PBXBuildFile; fileRef = FEF4B38025D7337A0038AA30 /* Assets.xcassets */; };
		FEF4B38425D7337A0038AA30 /* LaunchScreen.storyboard in Resources */ = {isa = PBXBuildFile; fileRef = FEF4B38225D7337A0038AA30 /* LaunchScreen.storyboard */; };
		FEF4B38F25D7337A0038AA30 /* flix_appTests.swift in Sources */ = {isa = PBXBuildFile; fileRef = FEF4B38E25D7337A0038AA30 /* flix_appTests.swift */; };
		FEF4B39A25D7337A0038AA30 /* flix_appUITests.swift in Sources */ = {isa = PBXBuildFile; fileRef = FEF4B39925D7337A0038AA30 /* flix_appUITests.swift */; };
		FEF4B3AE25D736700038AA30 /* MoviesViewController.swift in Sources */ = {isa = PBXBuildFile; fileRef = FEF4B3AD25D736700038AA30 /* MoviesViewController.swift */; };
		FEF4B3B325D74B290038AA30 /* MovieCell.swift in Sources */ = {isa = PBXBuildFile; fileRef = FEF4B3B225D74B290038AA30 /* MovieCell.swift */; };
/* End PBXBuildFile section */

/* Begin PBXContainerItemProxy section */
		FEF4B38B25D7337A0038AA30 /* PBXContainerItemProxy */ = {
			isa = PBXContainerItemProxy;
			containerPortal = FEF4B36C25D733780038AA30 /* Project object */;
			proxyType = 1;
			remoteGlobalIDString = FEF4B37325D733780038AA30;
			remoteInfo = flix_app;
		};
		FEF4B39625D7337A0038AA30 /* PBXContainerItemProxy */ = {
			isa = PBXContainerItemProxy;
			containerPortal = FEF4B36C25D733780038AA30 /* Project object */;
			proxyType = 1;
			remoteGlobalIDString = FEF4B37325D733780038AA30;
			remoteInfo = flix_app;
		};
/* End PBXContainerItemProxy section */

/* Begin PBXFileReference section */
		01DD06A019CBFC13929183A4 /* Pods-flix_appTests.release.xcconfig */ = {isa = PBXFileReference; includeInIndex = 1; lastKnownFileType = text.xcconfig; name = "Pods-flix_appTests.release.xcconfig"; path = "Target Support Files/Pods-flix_appTests/Pods-flix_appTests.release.xcconfig"; sourceTree = "<group>"; };
		161748EB64937627C4D847E1 /* Pods_flix_app.framework */ = {isa = PBXFileReference; explicitFileType = wrapper.framework; includeInIndex = 0; path = Pods_flix_app.framework; sourceTree = BUILT_PRODUCTS_DIR; };
		5491F1DE792109BD0AFA7A5C /* Pods-flix_app.debug.xcconfig */ = {isa = PBXFileReference; includeInIndex = 1; lastKnownFileType = text.xcconfig; name = "Pods-flix_app.debug.xcconfig"; path = "Target Support Files/Pods-flix_app/Pods-flix_app.debug.xcconfig"; sourceTree = "<group>"; };
		922A4256F6950DEF9389666A /* Pods-flix_app.release.xcconfig */ = {isa = PBXFileReference; includeInIndex = 1; lastKnownFileType = text.xcconfig; name = "Pods-flix_app.release.xcconfig"; path = "Target Support Files/Pods-flix_app/Pods-flix_app.release.xcconfig"; sourceTree = "<group>"; };
		A24BAD43DCA8C2BC025F085B /* Pods_flix_app_flix_appUITests.framework */ = {isa = PBXFileReference; explicitFileType = wrapper.framework; includeInIndex = 0; path = Pods_flix_app_flix_appUITests.framework; sourceTree = BUILT_PRODUCTS_DIR; };
		C10D2F31E1B8D2C8FF0C2618 /* Pods-flix_app-flix_appUITests.debug.xcconfig */ = {isa = PBXFileReference; includeInIndex = 1; lastKnownFileType = text.xcconfig; name = "Pods-flix_app-flix_appUITests.debug.xcconfig"; path = "Target Support Files/Pods-flix_app-flix_appUITests/Pods-flix_app-flix_appUITests.debug.xcconfig"; sourceTree = "<group>"; };
		C1BE0F63CD6A1964AD4944AD /* Pods-flix_appTests.debug.xcconfig */ = {isa = PBXFileReference; includeInIndex = 1; lastKnownFileType = text.xcconfig; name = "Pods-flix_appTests.debug.xcconfig"; path = "Target Support Files/Pods-flix_appTests/Pods-flix_appTests.debug.xcconfig"; sourceTree = "<group>"; };
		F60C45FF4640CC4C89094DFB /* Pods-flix_app-flix_appUITests.release.xcconfig */ = {isa = PBXFileReference; includeInIndex = 1; lastKnownFileType = text.xcconfig; name = "Pods-flix_app-flix_appUITests.release.xcconfig"; path = "Target Support Files/Pods-flix_app-flix_appUITests/Pods-flix_app-flix_appUITests.release.xcconfig"; sourceTree = "<group>"; };
		F727F40E3470E6027CC572D9 /* Pods_flix_appTests.framework */ = {isa = PBXFileReference; explicitFileType = wrapper.framework; includeInIndex = 0; path = Pods_flix_appTests.framework; sourceTree = BUILT_PRODUCTS_DIR; };
		FEA406CD25E07B1800E7977F /* MovieDetailsViewController.swift */ = {isa = PBXFileReference; lastKnownFileType = sourcecode.swift; path = MovieDetailsViewController.swift; sourceTree = "<group>"; };
		FEA406D225E0881700E7977F /* MovieGridViewController.swift */ = {isa = PBXFileReference; lastKnownFileType = sourcecode.swift; path = MovieGridViewController.swift; sourceTree = "<group>"; };
		FEA406D725E08ABC00E7977F /* MovieGridCell.swift */ = {isa = PBXFileReference; lastKnownFileType = sourcecode.swift; path = MovieGridCell.swift; sourceTree = "<group>"; };
		FEF4B37425D733780038AA30 /* flix_app.app */ = {isa = PBXFileReference; explicitFileType = wrapper.application; includeInIndex = 0; path = flix_app.app; sourceTree = BUILT_PRODUCTS_DIR; };
		FEF4B37725D733790038AA30 /* AppDelegate.swift */ = {isa = PBXFileReference; lastKnownFileType = sourcecode.swift; path = AppDelegate.swift; sourceTree = "<group>"; };
		FEF4B37925D733790038AA30 /* SceneDelegate.swift */ = {isa = PBXFileReference; lastKnownFileType = sourcecode.swift; path = SceneDelegate.swift; sourceTree = "<group>"; };
		FEF4B37E25D733790038AA30 /* Base */ = {isa = PBXFileReference; lastKnownFileType = file.storyboard; name = Base; path = Base.lproj/Main.storyboard; sourceTree = "<group>"; };
		FEF4B38025D7337A0038AA30 /* Assets.xcassets */ = {isa = PBXFileReference; lastKnownFileType = folder.assetcatalog; path = Assets.xcassets; sourceTree = "<group>"; };
		FEF4B38325D7337A0038AA30 /* Base */ = {isa = PBXFileReference; lastKnownFileType = file.storyboard; name = Base; path = Base.lproj/LaunchScreen.storyboard; sourceTree = "<group>"; };
		FEF4B38525D7337A0038AA30 /* Info.plist */ = {isa = PBXFileReference; lastKnownFileType = text.plist.xml; path = Info.plist; sourceTree = "<group>"; };
		FEF4B38A25D7337A0038AA30 /* flix_appTests.xctest */ = {isa = PBXFileReference; explicitFileType = wrapper.cfbundle; includeInIndex = 0; path = flix_appTests.xctest; sourceTree = BUILT_PRODUCTS_DIR; };
		FEF4B38E25D7337A0038AA30 /* flix_appTests.swift */ = {isa = PBXFileReference; lastKnownFileType = sourcecode.swift; path = flix_appTests.swift; sourceTree = "<group>"; };
		FEF4B39025D7337A0038AA30 /* Info.plist */ = {isa = PBXFileReference; lastKnownFileType = text.plist.xml; path = Info.plist; sourceTree = "<group>"; };
		FEF4B39525D7337A0038AA30 /* flix_appUITests.xctest */ = {isa = PBXFileReference; explicitFileType = wrapper.cfbundle; includeInIndex = 0; path = flix_appUITests.xctest; sourceTree = BUILT_PRODUCTS_DIR; };
		FEF4B39925D7337A0038AA30 /* flix_appUITests.swift */ = {isa = PBXFileReference; lastKnownFileType = sourcecode.swift; path = flix_appUITests.swift; sourceTree = "<group>"; };
		FEF4B39B25D7337A0038AA30 /* Info.plist */ = {isa = PBXFileReference; lastKnownFileType = text.plist.xml; path = Info.plist; sourceTree = "<group>"; };
		FEF4B3AD25D736700038AA30 /* MoviesViewController.swift */ = {isa = PBXFileReference; lastKnownFileType = sourcecode.swift; path = MoviesViewController.swift; sourceTree = "<group>"; };
		FEF4B3B225D74B290038AA30 /* MovieCell.swift */ = {isa = PBXFileReference; lastKnownFileType = sourcecode.swift; path = MovieCell.swift; sourceTree = "<group>"; };
/* End PBXFileReference section */

/* Begin PBXFrameworksBuildPhase section */
		FEF4B37125D733780038AA30 /* Frameworks */ = {
			isa = PBXFrameworksBuildPhase;
			buildActionMask = 2147483647;
			files = (
				4EF061F0A6868BDC517EF15B /* Pods_flix_app.framework in Frameworks */,
			);
			runOnlyForDeploymentPostprocessing = 0;
		};
		FEF4B38725D7337A0038AA30 /* Frameworks */ = {
			isa = PBXFrameworksBuildPhase;
			buildActionMask = 2147483647;
			files = (
				87810ED0A8EEDC250487B50F /* Pods_flix_appTests.framework in Frameworks */,
			);
			runOnlyForDeploymentPostprocessing = 0;
		};
		FEF4B39225D7337A0038AA30 /* Frameworks */ = {
			isa = PBXFrameworksBuildPhase;
			buildActionMask = 2147483647;
			files = (
				934CC1049F2CE3B346FB6914 /* Pods_flix_app_flix_appUITests.framework in Frameworks */,
			);
			runOnlyForDeploymentPostprocessing = 0;
		};
/* End PBXFrameworksBuildPhase section */

/* Begin PBXGroup section */
		94E317B3DA77A831F81BE91C /* Frameworks */ = {
			isa = PBXGroup;
			children = (
				161748EB64937627C4D847E1 /* Pods_flix_app.framework */,
				A24BAD43DCA8C2BC025F085B /* Pods_flix_app_flix_appUITests.framework */,
				F727F40E3470E6027CC572D9 /* Pods_flix_appTests.framework */,
			);
			name = Frameworks;
			sourceTree = "<group>";
		};
		B930B772F041DBB3CFD8A72B /* Pods */ = {
			isa = PBXGroup;
			children = (
				5491F1DE792109BD0AFA7A5C /* Pods-flix_app.debug.xcconfig */,
				922A4256F6950DEF9389666A /* Pods-flix_app.release.xcconfig */,
				C10D2F31E1B8D2C8FF0C2618 /* Pods-flix_app-flix_appUITests.debug.xcconfig */,
				F60C45FF4640CC4C89094DFB /* Pods-flix_app-flix_appUITests.release.xcconfig */,
				C1BE0F63CD6A1964AD4944AD /* Pods-flix_appTests.debug.xcconfig */,
				01DD06A019CBFC13929183A4 /* Pods-flix_appTests.release.xcconfig */,
			);
			path = Pods;
			sourceTree = "<group>";
		};
		FEF4B36B25D733780038AA30 = {
			isa = PBXGroup;
			children = (
				FEF4B37625D733780038AA30 /* flix_app */,
				FEF4B38D25D7337A0038AA30 /* flix_appTests */,
				FEF4B39825D7337A0038AA30 /* flix_appUITests */,
				FEF4B37525D733780038AA30 /* Products */,
				B930B772F041DBB3CFD8A72B /* Pods */,
				94E317B3DA77A831F81BE91C /* Frameworks */,
			);
			sourceTree = "<group>";
		};
		FEF4B37525D733780038AA30 /* Products */ = {
			isa = PBXGroup;
			children = (
				FEF4B37425D733780038AA30 /* flix_app.app */,
				FEF4B38A25D7337A0038AA30 /* flix_appTests.xctest */,
				FEF4B39525D7337A0038AA30 /* flix_appUITests.xctest */,
			);
			name = Products;
			sourceTree = "<group>";
		};
		FEF4B37625D733780038AA30 /* flix_app */ = {
			isa = PBXGroup;
			children = (
				FEF4B37725D733790038AA30 /* AppDelegate.swift */,
				FEF4B37925D733790038AA30 /* SceneDelegate.swift */,
				FEF4B37D25D733790038AA30 /* Main.storyboard */,
				FEF4B38025D7337A0038AA30 /* Assets.xcassets */,
				FEF4B38225D7337A0038AA30 /* LaunchScreen.storyboard */,
				FEF4B38525D7337A0038AA30 /* Info.plist */,
				FEF4B3AD25D736700038AA30 /* MoviesViewController.swift */,
				FEF4B3B225D74B290038AA30 /* MovieCell.swift */,
				FEA406CD25E07B1800E7977F /* MovieDetailsViewController.swift */,
				FEA406D225E0881700E7977F /* MovieGridViewController.swift */,
				FEA406D725E08ABC00E7977F /* MovieGridCell.swift */,
			);
			path = flix_app;
			sourceTree = "<group>";
		};
		FEF4B38D25D7337A0038AA30 /* flix_appTests */ = {
			isa = PBXGroup;
			children = (
				FEF4B38E25D7337A0038AA30 /* flix_appTests.swift */,
				FEF4B39025D7337A0038AA30 /* Info.plist */,
			);
			path = flix_appTests;
			sourceTree = "<group>";
		};
		FEF4B39825D7337A0038AA30 /* flix_appUITests */ = {
			isa = PBXGroup;
			children = (
				FEF4B39925D7337A0038AA30 /* flix_appUITests.swift */,
				FEF4B39B25D7337A0038AA30 /* Info.plist */,
			);
			path = flix_appUITests;
			sourceTree = "<group>";
		};
/* End PBXGroup section */

/* Begin PBXNativeTarget section */
		FEF4B37325D733780038AA30 /* flix_app */ = {
			isa = PBXNativeTarget;
			buildConfigurationList = FEF4B39E25D7337A0038AA30 /* Build configuration list for PBXNativeTarget "flix_app" */;
			buildPhases = (
				A928B0E5C1924EBE3CD30B03 /* [CP] Check Pods Manifest.lock */,
				FEF4B37025D733780038AA30 /* Sources */,
				FEF4B37125D733780038AA30 /* Frameworks */,
				FEF4B37225D733780038AA30 /* Resources */,
				73D2D00094BF6BF2A929489A /* [CP] Embed Pods Frameworks */,
			);
			buildRules = (
			);
			dependencies = (
			);
			name = flix_app;
			productName = flix_app;
			productReference = FEF4B37425D733780038AA30 /* flix_app.app */;
			productType = "com.apple.product-type.application";
		};
		FEF4B38925D7337A0038AA30 /* flix_appTests */ = {
			isa = PBXNativeTarget;
			buildConfigurationList = FEF4B3A125D7337A0038AA30 /* Build configuration list for PBXNativeTarget "flix_appTests" */;
			buildPhases = (
				C9F2BCA29FBC7361682736DC /* [CP] Check Pods Manifest.lock */,
				FEF4B38625D7337A0038AA30 /* Sources */,
				FEF4B38725D7337A0038AA30 /* Frameworks */,
				FEF4B38825D7337A0038AA30 /* Resources */,
			);
			buildRules = (
			);
			dependencies = (
				FEF4B38C25D7337A0038AA30 /* PBXTargetDependency */,
			);
			name = flix_appTests;
			productName = flix_appTests;
			productReference = FEF4B38A25D7337A0038AA30 /* flix_appTests.xctest */;
			productType = "com.apple.product-type.bundle.unit-test";
		};
		FEF4B39425D7337A0038AA30 /* flix_appUITests */ = {
			isa = PBXNativeTarget;
			buildConfigurationList = FEF4B3A425D7337A0038AA30 /* Build configuration list for PBXNativeTarget "flix_appUITests" */;
			buildPhases = (
				8A8759F36D51C7EEA15D10E9 /* [CP] Check Pods Manifest.lock */,
				FEF4B39125D7337A0038AA30 /* Sources */,
				FEF4B39225D7337A0038AA30 /* Frameworks */,
				FEF4B39325D7337A0038AA30 /* Resources */,
				81A15A231EDEF93CE79B3282 /* [CP] Embed Pods Frameworks */,
			);
			buildRules = (
			);
			dependencies = (
				FEF4B39725D7337A0038AA30 /* PBXTargetDependency */,
			);
			name = flix_appUITests;
			productName = flix_appUITests;
			productReference = FEF4B39525D7337A0038AA30 /* flix_appUITests.xctest */;
			productType = "com.apple.product-type.bundle.ui-testing";
		};
/* End PBXNativeTarget section */

/* Begin PBXProject section */
		FEF4B36C25D733780038AA30 /* Project object */ = {
			isa = PBXProject;
			attributes = {
				LastSwiftUpdateCheck = 1200;
				LastUpgradeCheck = 1200;
				TargetAttributes = {
					FEF4B37325D733780038AA30 = {
						CreatedOnToolsVersion = 12.0;
					};
					FEF4B38925D7337A0038AA30 = {
						CreatedOnToolsVersion = 12.0;
						TestTargetID = FEF4B37325D733780038AA30;
					};
					FEF4B39425D7337A0038AA30 = {
						CreatedOnToolsVersion = 12.0;
						TestTargetID = FEF4B37325D733780038AA30;
					};
				};
			};
			buildConfigurationList = FEF4B36F25D733780038AA30 /* Build configuration list for PBXProject "flix_app" */;
			compatibilityVersion = "Xcode 9.3";
			developmentRegion = en;
			hasScannedForEncodings = 0;
			knownRegions = (
				en,
				Base,
			);
			mainGroup = FEF4B36B25D733780038AA30;
			productRefGroup = FEF4B37525D733780038AA30 /* Products */;
			projectDirPath = "";
			projectRoot = "";
			targets = (
				FEF4B37325D733780038AA30 /* flix_app */,
				FEF4B38925D7337A0038AA30 /* flix_appTests */,
				FEF4B39425D7337A0038AA30 /* flix_appUITests */,
			);
		};
/* End PBXProject section */

/* Begin PBXResourcesBuildPhase section */
		FEF4B37225D733780038AA30 /* Resources */ = {
			isa = PBXResourcesBuildPhase;
			buildActionMask = 2147483647;
			files = (
				FEF4B38425D7337A0038AA30 /* LaunchScreen.storyboard in Resources */,
				FEF4B38125D7337A0038AA30 /* Assets.xcassets in Resources */,
				FEF4B37F25D733790038AA30 /* Main.storyboard in Resources */,
			);
			runOnlyForDeploymentPostprocessing = 0;
		};
		FEF4B38825D7337A0038AA30 /* Resources */ = {
			isa = PBXResourcesBuildPhase;
			buildActionMask = 2147483647;
			files = (
			);
			runOnlyForDeploymentPostprocessing = 0;
		};
		FEF4B39325D7337A0038AA30 /* Resources */ = {
			isa = PBXResourcesBuildPhase;
			buildActionMask = 2147483647;
			files = (
			);
			runOnlyForDeploymentPostprocessing = 0;
		};
/* End PBXResourcesBuildPhase section */

/* Begin PBXShellScriptBuildPhase section */
		73D2D00094BF6BF2A929489A /* [CP] Embed Pods Frameworks */ = {
			isa = PBXShellScriptBuildPhase;
			buildActionMask = 2147483647;
			files = (
			);
			inputFileListPaths = (
				"${PODS_ROOT}/Target Support Files/Pods-flix_app/Pods-flix_app-frameworks-${CONFIGURATION}-input-files.xcfilelist",
			);
			name = "[CP] Embed Pods Frameworks";
			outputFileListPaths = (
				"${PODS_ROOT}/Target Support Files/Pods-flix_app/Pods-flix_app-frameworks-${CONFIGURATION}-output-files.xcfilelist",
			);
			runOnlyForDeploymentPostprocessing = 0;
			shellPath = /bin/sh;
			shellScript = "\"${PODS_ROOT}/Target Support Files/Pods-flix_app/Pods-flix_app-frameworks.sh\"\n";
			showEnvVarsInLog = 0;
		};
		81A15A231EDEF93CE79B3282 /* [CP] Embed Pods Frameworks */ = {
			isa = PBXShellScriptBuildPhase;
			buildActionMask = 2147483647;
			files = (
			);
			inputFileListPaths = (
				"${PODS_ROOT}/Target Support Files/Pods-flix_app-flix_appUITests/Pods-flix_app-flix_appUITests-frameworks-${CONFIGURATION}-input-files.xcfilelist",
			);
			name = "[CP] Embed Pods Frameworks";
			outputFileListPaths = (
				"${PODS_ROOT}/Target Support Files/Pods-flix_app-flix_appUITests/Pods-flix_app-flix_appUITests-frameworks-${CONFIGURATION}-output-files.xcfilelist",
			);
			runOnlyForDeploymentPostprocessing = 0;
			shellPath = /bin/sh;
			shellScript = "\"${PODS_ROOT}/Target Support Files/Pods-flix_app-flix_appUITests/Pods-flix_app-flix_appUITests-frameworks.sh\"\n";
			showEnvVarsInLog = 0;
		};
		8A8759F36D51C7EEA15D10E9 /* [CP] Check Pods Manifest.lock */ = {
			isa = PBXShellScriptBuildPhase;
			buildActionMask = 2147483647;
			files = (
			);
			inputFileListPaths = (
			);
			inputPaths = (
				"${PODS_PODFILE_DIR_PATH}/Podfile.lock",
				"${PODS_ROOT}/Manifest.lock",
			);
			name = "[CP] Check Pods Manifest.lock";
			outputFileListPaths = (
			);
			outputPaths = (
				"$(DERIVED_FILE_DIR)/Pods-flix_app-flix_appUITests-checkManifestLockResult.txt",
			);
			runOnlyForDeploymentPostprocessing = 0;
			shellPath = /bin/sh;
			shellScript = "diff \"${PODS_PODFILE_DIR_PATH}/Podfile.lock\" \"${PODS_ROOT}/Manifest.lock\" > /dev/null\nif [ $? != 0 ] ; then\n    # print error to STDERR\n    echo \"error: The sandbox is not in sync with the Podfile.lock. Run 'pod install' or update your CocoaPods installation.\" >&2\n    exit 1\nfi\n# This output is used by Xcode 'outputs' to avoid re-running this script phase.\necho \"SUCCESS\" > \"${SCRIPT_OUTPUT_FILE_0}\"\n";
			showEnvVarsInLog = 0;
		};
		A928B0E5C1924EBE3CD30B03 /* [CP] Check Pods Manifest.lock */ = {
			isa = PBXShellScriptBuildPhase;
			buildActionMask = 2147483647;
			files = (
			);
			inputFileListPaths = (
			);
			inputPaths = (
				"${PODS_PODFILE_DIR_PATH}/Podfile.lock",
				"${PODS_ROOT}/Manifest.lock",
			);
			name = "[CP] Check Pods Manifest.lock";
			outputFileListPaths = (
			);
			outputPaths = (
				"$(DERIVED_FILE_DIR)/Pods-flix_app-checkManifestLockResult.txt",
			);
			runOnlyForDeploymentPostprocessing = 0;
			shellPath = /bin/sh;
			shellScript = "diff \"${PODS_PODFILE_DIR_PATH}/Podfile.lock\" \"${PODS_ROOT}/Manifest.lock\" > /dev/null\nif [ $? != 0 ] ; then\n    # print error to STDERR\n    echo \"error: The sandbox is not in sync with the Podfile.lock. Run 'pod install' or update your CocoaPods installation.\" >&2\n    exit 1\nfi\n# This output is used by Xcode 'outputs' to avoid re-running this script phase.\necho \"SUCCESS\" > \"${SCRIPT_OUTPUT_FILE_0}\"\n";
			showEnvVarsInLog = 0;
		};
		C9F2BCA29FBC7361682736DC /* [CP] Check Pods Manifest.lock */ = {
			isa = PBXShellScriptBuildPhase;
			buildActionMask = 2147483647;
			files = (
			);
			inputFileListPaths = (
			);
			inputPaths = (
				"${PODS_PODFILE_DIR_PATH}/Podfile.lock",
				"${PODS_ROOT}/Manifest.lock",
			);
			name = "[CP] Check Pods Manifest.lock";
			outputFileListPaths = (
			);
			outputPaths = (
				"$(DERIVED_FILE_DIR)/Pods-flix_appTests-checkManifestLockResult.txt",
			);
			runOnlyForDeploymentPostprocessing = 0;
			shellPath = /bin/sh;
			shellScript = "diff \"${PODS_PODFILE_DIR_PATH}/Podfile.lock\" \"${PODS_ROOT}/Manifest.lock\" > /dev/null\nif [ $? != 0 ] ; then\n    # print error to STDERR\n    echo \"error: The sandbox is not in sync with the Podfile.lock. Run 'pod install' or update your CocoaPods installation.\" >&2\n    exit 1\nfi\n# This output is used by Xcode 'outputs' to avoid re-running this script phase.\necho \"SUCCESS\" > \"${SCRIPT_OUTPUT_FILE_0}\"\n";
			showEnvVarsInLog = 0;
		};
/* End PBXShellScriptBuildPhase section */

/* Begin PBXSourcesBuildPhase section */
		FEF4B37025D733780038AA30 /* Sources */ = {
			isa = PBXSourcesBuildPhase;
			buildActionMask = 2147483647;
			files = (
				FEA406CE25E07B1800E7977F /* MovieDetailsViewController.swift in Sources */,
				FEF4B37825D733790038AA30 /* AppDelegate.swift in Sources */,
				FEF4B37A25D733790038AA30 /* SceneDelegate.swift in Sources */,
				FEF4B3B325D74B290038AA30 /* MovieCell.swift in Sources */,
				FEF4B3AE25D736700038AA30 /* MoviesViewController.swift in Sources */,
				FEA406D325E0881800E7977F /* MovieGridViewController.swift in Sources */,
				FEA406D825E08ABC00E7977F /* MovieGridCell.swift in Sources */,
			);
			runOnlyForDeploymentPostprocessing = 0;
		};
		FEF4B38625D7337A0038AA30 /* Sources */ = {
			isa = PBXSourcesBuildPhase;
			buildActionMask = 2147483647;
			files = (
				FEF4B38F25D7337A0038AA30 /* flix_appTests.swift in Sources */,
			);
			runOnlyForDeploymentPostprocessing = 0;
		};
		FEF4B39125D7337A0038AA30 /* Sources */ = {
			isa = PBXSourcesBuildPhase;
			buildActionMask = 2147483647;
			files = (
				FEF4B39A25D7337A0038AA30 /* flix_appUITests.swift in Sources */,
			);
			runOnlyForDeploymentPostprocessing = 0;
		};
/* End PBXSourcesBuildPhase section */

/* Begin PBXTargetDependency section */
		FEF4B38C25D7337A0038AA30 /* PBXTargetDependency */ = {
			isa = PBXTargetDependency;
			target = FEF4B37325D733780038AA30 /* flix_app */;
			targetProxy = FEF4B38B25D7337A0038AA30 /* PBXContainerItemProxy */;
		};
		FEF4B39725D7337A0038AA30 /* PBXTargetDependency */ = {
			isa = PBXTargetDependency;
			target = FEF4B37325D733780038AA30 /* flix_app */;
			targetProxy = FEF4B39625D7337A0038AA30 /* PBXContainerItemProxy */;
		};
/* End PBXTargetDependency section */

/* Begin PBXVariantGroup section */
		FEF4B37D25D733790038AA30 /* Main.storyboard */ = {
			isa = PBXVariantGroup;
			children = (
				FEF4B37E25D733790038AA30 /* Base */,
			);
			name = Main.storyboard;
			sourceTree = "<group>";
		};
		FEF4B38225D7337A0038AA30 /* LaunchScreen.storyboard */ = {
			isa = PBXVariantGroup;
			children = (
				FEF4B38325D7337A0038AA30 /* Base */,
			);
			name = LaunchScreen.storyboard;
			sourceTree = "<group>";
		};
/* End PBXVariantGroup section */

/* Begin XCBuildConfiguration section */
		FEF4B39C25D7337A0038AA30 /* Debug */ = {
			isa = XCBuildConfiguration;
			buildSettings = {
				ALWAYS_SEARCH_USER_PATHS = NO;
				CLANG_ANALYZER_NONNULL = YES;
				CLANG_ANALYZER_NUMBER_OBJECT_CONVERSION = YES_AGGRESSIVE;
				CLANG_CXX_LANGUAGE_STANDARD = "gnu++14";
				CLANG_CXX_LIBRARY = "libc++";
				CLANG_ENABLE_MODULES = YES;
				CLANG_ENABLE_OBJC_ARC = YES;
				CLANG_ENABLE_OBJC_WEAK = YES;
				CLANG_WARN_BLOCK_CAPTURE_AUTORELEASING = YES;
				CLANG_WARN_BOOL_CONVERSION = YES;
				CLANG_WARN_COMMA = YES;
				CLANG_WARN_CONSTANT_CONVERSION = YES;
				CLANG_WARN_DEPRECATED_OBJC_IMPLEMENTATIONS = YES;
				CLANG_WARN_DIRECT_OBJC_ISA_USAGE = YES_ERROR;
				CLANG_WARN_DOCUMENTATION_COMMENTS = YES;
				CLANG_WARN_EMPTY_BODY = YES;
				CLANG_WARN_ENUM_CONVERSION = YES;
				CLANG_WARN_INFINITE_RECURSION = YES;
				CLANG_WARN_INT_CONVERSION = YES;
				CLANG_WARN_NON_LITERAL_NULL_CONVERSION = YES;
				CLANG_WARN_OBJC_IMPLICIT_RETAIN_SELF = YES;
				CLANG_WARN_OBJC_LITERAL_CONVERSION = YES;
				CLANG_WARN_OBJC_ROOT_CLASS = YES_ERROR;
				CLANG_WARN_QUOTED_INCLUDE_IN_FRAMEWORK_HEADER = YES;
				CLANG_WARN_RANGE_LOOP_ANALYSIS = YES;
				CLANG_WARN_STRICT_PROTOTYPES = YES;
				CLANG_WARN_SUSPICIOUS_MOVE = YES;
				CLANG_WARN_UNGUARDED_AVAILABILITY = YES_AGGRESSIVE;
				CLANG_WARN_UNREACHABLE_CODE = YES;
				CLANG_WARN__DUPLICATE_METHOD_MATCH = YES;
				COPY_PHASE_STRIP = NO;
				DEBUG_INFORMATION_FORMAT = dwarf;
				ENABLE_STRICT_OBJC_MSGSEND = YES;
				ENABLE_TESTABILITY = YES;
				GCC_C_LANGUAGE_STANDARD = gnu11;
				GCC_DYNAMIC_NO_PIC = NO;
				GCC_NO_COMMON_BLOCKS = YES;
				GCC_OPTIMIZATION_LEVEL = 0;
				GCC_PREPROCESSOR_DEFINITIONS = (
					"DEBUG=1",
					"$(inherited)",
				);
				GCC_WARN_64_TO_32_BIT_CONVERSION = YES;
				GCC_WARN_ABOUT_RETURN_TYPE = YES_ERROR;
				GCC_WARN_UNDECLARED_SELECTOR = YES;
				GCC_WARN_UNINITIALIZED_AUTOS = YES_AGGRESSIVE;
				GCC_WARN_UNUSED_FUNCTION = YES;
				GCC_WARN_UNUSED_VARIABLE = YES;
				IPHONEOS_DEPLOYMENT_TARGET = 14.0;
				MTL_ENABLE_DEBUG_INFO = INCLUDE_SOURCE;
				MTL_FAST_MATH = YES;
				ONLY_ACTIVE_ARCH = YES;
				SDKROOT = iphoneos;
				SWIFT_ACTIVE_COMPILATION_CONDITIONS = DEBUG;
				SWIFT_OPTIMIZATION_LEVEL = "-Onone";
			};
			name = Debug;
		};
		FEF4B39D25D7337A0038AA30 /* Release */ = {
			isa = XCBuildConfiguration;
			buildSettings = {
				ALWAYS_SEARCH_USER_PATHS = NO;
				CLANG_ANALYZER_NONNULL = YES;
				CLANG_ANALYZER_NUMBER_OBJECT_CONVERSION = YES_AGGRESSIVE;
				CLANG_CXX_LANGUAGE_STANDARD = "gnu++14";
				CLANG_CXX_LIBRARY = "libc++";
				CLANG_ENABLE_MODULES = YES;
				CLANG_ENABLE_OBJC_ARC = YES;
				CLANG_ENABLE_OBJC_WEAK = YES;
				CLANG_WARN_BLOCK_CAPTURE_AUTORELEASING = YES;
				CLANG_WARN_BOOL_CONVERSION = YES;
				CLANG_WARN_COMMA = YES;
				CLANG_WARN_CONSTANT_CONVERSION = YES;
				CLANG_WARN_DEPRECATED_OBJC_IMPLEMENTATIONS = YES;
				CLANG_WARN_DIRECT_OBJC_ISA_USAGE = YES_ERROR;
				CLANG_WARN_DOCUMENTATION_COMMENTS = YES;
				CLANG_WARN_EMPTY_BODY = YES;
				CLANG_WARN_ENUM_CONVERSION = YES;
				CLANG_WARN_INFINITE_RECURSION = YES;
				CLANG_WARN_INT_CONVERSION = YES;
				CLANG_WARN_NON_LITERAL_NULL_CONVERSION = YES;
				CLANG_WARN_OBJC_IMPLICIT_RETAIN_SELF = YES;
				CLANG_WARN_OBJC_LITERAL_CONVERSION = YES;
				CLANG_WARN_OBJC_ROOT_CLASS = YES_ERROR;
				CLANG_WARN_QUOTED_INCLUDE_IN_FRAMEWORK_HEADER = YES;
				CLANG_WARN_RANGE_LOOP_ANALYSIS = YES;
				CLANG_WARN_STRICT_PROTOTYPES = YES;
				CLANG_WARN_SUSPICIOUS_MOVE = YES;
				CLANG_WARN_UNGUARDED_AVAILABILITY = YES_AGGRESSIVE;
				CLANG_WARN_UNREACHABLE_CODE = YES;
				CLANG_WARN__DUPLICATE_METHOD_MATCH = YES;
				COPY_PHASE_STRIP = NO;
				DEBUG_INFORMATION_FORMAT = "dwarf-with-dsym";
				ENABLE_NS_ASSERTIONS = NO;
				ENABLE_STRICT_OBJC_MSGSEND = YES;
				GCC_C_LANGUAGE_STANDARD = gnu11;
				GCC_NO_COMMON_BLOCKS = YES;
				GCC_WARN_64_TO_32_BIT_CONVERSION = YES;
				GCC_WARN_ABOUT_RETURN_TYPE = YES_ERROR;
				GCC_WARN_UNDECLARED_SELECTOR = YES;
				GCC_WARN_UNINITIALIZED_AUTOS = YES_AGGRESSIVE;
				GCC_WARN_UNUSED_FUNCTION = YES;
				GCC_WARN_UNUSED_VARIABLE = YES;
				IPHONEOS_DEPLOYMENT_TARGET = 14.0;
				MTL_ENABLE_DEBUG_INFO = NO;
				MTL_FAST_MATH = YES;
				SDKROOT = iphoneos;
				SWIFT_COMPILATION_MODE = wholemodule;
				SWIFT_OPTIMIZATION_LEVEL = "-O";
				VALIDATE_PRODUCT = YES;
			};
			name = Release;
		};
		FEF4B39F25D7337A0038AA30 /* Debug */ = {
			isa = XCBuildConfiguration;
			baseConfigurationReference = 5491F1DE792109BD0AFA7A5C /* Pods-flix_app.debug.xcconfig */;
			buildSettings = {
				ASSETCATALOG_COMPILER_APPICON_NAME = AppIcon;
				ASSETCATALOG_COMPILER_GLOBAL_ACCENT_COLOR_NAME = AccentColor;
				CODE_SIGN_STYLE = Automatic;
				DEVELOPMENT_TEAM = QMHU3RFSJJ;
				INFOPLIST_FILE = flix_app/Info.plist;
				LD_RUNPATH_SEARCH_PATHS = (
					"$(inherited)",
					"@executable_path/Frameworks",
				);
				PRODUCT_BUNDLE_IDENTIFIER = "Codepath.flix-app";
				PRODUCT_NAME = "$(TARGET_NAME)";
				SWIFT_VERSION = 5.0;
				TARGETED_DEVICE_FAMILY = "1,2";
			};
			name = Debug;
		};
		FEF4B3A025D7337A0038AA30 /* Release */ = {
			isa = XCBuildConfiguration;
			baseConfigurationReference = 922A4256F6950DEF9389666A /* Pods-flix_app.release.xcconfig */;
			buildSettings = {
				ASSETCATALOG_COMPILER_APPICON_NAME = AppIcon;
				ASSETCATALOG_COMPILER_GLOBAL_ACCENT_COLOR_NAME = AccentColor;
				CODE_SIGN_STYLE = Automatic;
				DEVELOPMENT_TEAM = QMHU3RFSJJ;
				INFOPLIST_FILE = flix_app/Info.plist;
				LD_RUNPATH_SEARCH_PATHS = (
					"$(inherited)",
					"@executable_path/Frameworks",
				);
				PRODUCT_BUNDLE_IDENTIFIER = "Codepath.flix-app";
				PRODUCT_NAME = "$(TARGET_NAME)";
				SWIFT_VERSION = 5.0;
				TARGETED_DEVICE_FAMILY = "1,2";
			};
			name = Release;
		};
		FEF4B3A225D7337A0038AA30 /* Debug */ = {
			isa = XCBuildConfiguration;
			baseConfigurationReference = C1BE0F63CD6A1964AD4944AD /* Pods-flix_appTests.debug.xcconfig */;
			buildSettings = {
				ALWAYS_EMBED_SWIFT_STANDARD_LIBRARIES = YES;
				BUNDLE_LOADER = "$(TEST_HOST)";
				CODE_SIGN_STYLE = Automatic;
				DEVELOPMENT_TEAM = QMHU3RFSJJ;
				INFOPLIST_FILE = flix_appTests/Info.plist;
				IPHONEOS_DEPLOYMENT_TARGET = 14.0;
				LD_RUNPATH_SEARCH_PATHS = (
					"$(inherited)",
					"@executable_path/Frameworks",
					"@loader_path/Frameworks",
				);
				PRODUCT_BUNDLE_IDENTIFIER = "Codepath.flix-appTests";
				PRODUCT_NAME = "$(TARGET_NAME)";
				SWIFT_VERSION = 5.0;
				TARGETED_DEVICE_FAMILY = "1,2";
				TEST_HOST = "$(BUILT_PRODUCTS_DIR)/flix_app.app/flix_app";
			};
			name = Debug;
		};
		FEF4B3A325D7337A0038AA30 /* Release */ = {
			isa = XCBuildConfiguration;
			baseConfigurationReference = 01DD06A019CBFC13929183A4 /* Pods-flix_appTests.release.xcconfig */;
			buildSettings = {
				ALWAYS_EMBED_SWIFT_STANDARD_LIBRARIES = YES;
				BUNDLE_LOADER = "$(TEST_HOST)";
				CODE_SIGN_STYLE = Automatic;
				DEVELOPMENT_TEAM = QMHU3RFSJJ;
				INFOPLIST_FILE = flix_appTests/Info.plist;
				IPHONEOS_DEPLOYMENT_TARGET = 14.0;
				LD_RUNPATH_SEARCH_PATHS = (
					"$(inherited)",
					"@executable_path/Frameworks",
					"@loader_path/Frameworks",
				);
				PRODUCT_BUNDLE_IDENTIFIER = "Codepath.flix-appTests";
				PRODUCT_NAME = "$(TARGET_NAME)";
				SWIFT_VERSION = 5.0;
				TARGETED_DEVICE_FAMILY = "1,2";
				TEST_HOST = "$(BUILT_PRODUCTS_DIR)/flix_app.app/flix_app";
			};
			name = Release;
		};
		FEF4B3A525D7337A0038AA30 /* Debug */ = {
			isa = XCBuildConfiguration;
			baseConfigurationReference = C10D2F31E1B8D2C8FF0C2618 /* Pods-flix_app-flix_appUITests.debug.xcconfig */;
			buildSettings = {
				ALWAYS_EMBED_SWIFT_STANDARD_LIBRARIES = YES;
				CODE_SIGN_STYLE = Automatic;
				DEVELOPMENT_TEAM = QMHU3RFSJJ;
				INFOPLIST_FILE = flix_appUITests/Info.plist;
				LD_RUNPATH_SEARCH_PATHS = (
					"$(inherited)",
					"@executable_path/Frameworks",
					"@loader_path/Frameworks",
				);
				PRODUCT_BUNDLE_IDENTIFIER = "Codepath.flix-appUITests";
				PRODUCT_NAME = "$(TARGET_NAME)";
				SWIFT_VERSION = 5.0;
				TARGETED_DEVICE_FAMILY = "1,2";
				TEST_TARGET_NAME = flix_app;
			};
			name = Debug;
		};
		FEF4B3A625D7337A0038AA30 /* Release */ = {
			isa = XCBuildConfiguration;
			baseConfigurationReference = F60C45FF4640CC4C89094DFB /* Pods-flix_app-flix_appUITests.release.xcconfig */;
			buildSettings = {
				ALWAYS_EMBED_SWIFT_STANDARD_LIBRARIES = YES;
				CODE_SIGN_STYLE = Automatic;
				DEVELOPMENT_TEAM = QMHU3RFSJJ;
				INFOPLIST_FILE = flix_appUITests/Info.plist;
				LD_RUNPATH_SEARCH_PATHS = (
					"$(inherited)",
					"@executable_path/Frameworks",
					"@loader_path/Frameworks",
				);
				PRODUCT_BUNDLE_IDENTIFIER = "Codepath.flix-appUITests";
				PRODUCT_NAME = "$(TARGET_NAME)";
				SWIFT_VERSION = 5.0;
				TARGETED_DEVICE_FAMILY = "1,2";
				TEST_TARGET_NAME = flix_app;
			};
			name = Release;
		};
/* End XCBuildConfiguration section */

/* Begin XCConfigurationList section */
		FEF4B36F25D733780038AA30 /* Build configuration list for PBXProject "flix_app" */ = {
			isa = XCConfigurationList;
			buildConfigurations = (
				FEF4B39C25D7337A0038AA30 /* Debug */,
				FEF4B39D25D7337A0038AA30 /* Release */,
			);
			defaultConfigurationIsVisible = 0;
			defaultConfigurationName = Release;
		};
		FEF4B39E25D7337A0038AA30 /* Build configuration list for PBXNativeTarget "flix_app" */ = {
			isa = XCConfigurationList;
			buildConfigurations = (
				FEF4B39F25D7337A0038AA30 /* Debug */,
				FEF4B3A025D7337A0038AA30 /* Release */,
			);
			defaultConfigurationIsVisible = 0;
			defaultConfigurationName = Release;
		};
		FEF4B3A125D7337A0038AA30 /* Build configuration list for PBXNativeTarget "flix_appTests" */ = {
			isa = XCConfigurationList;
			buildConfigurations = (
				FEF4B3A225D7337A0038AA30 /* Debug */,
				FEF4B3A325D7337A0038AA30 /* Release */,
			);
			defaultConfigurationIsVisible = 0;
			defaultConfigurationName = Release;
		};
		FEF4B3A425D7337A0038AA30 /* Build configuration list for PBXNativeTarget "flix_appUITests" */ = {
			isa = XCConfigurationList;
			buildConfigurations = (
				FEF4B3A525D7337A0038AA30 /* Debug */,
				FEF4B3A625D7337A0038AA30 /* Release */,
			);
			defaultConfigurationIsVisible = 0;
			defaultConfigurationName = Release;
		};
/* End XCConfigurationList section */
	};
	rootObject = FEF4B36C25D733780038AA30 /* Project object */;
}
